{
  "name": "kindergarten_mini",
  "lockfileVersion": 2,
  "requires": true,
  "packages": {
    "": {
      "dependencies": {
        "thorui-uni": "^1.9.0"
      }
    },
    "node_modules/thorui-uni": {
      "version": "1.9.0",
      "resolved": "https://registry.npmmirror.com/thorui-uni/-/thorui-uni-1.9.0.tgz",
      "integrity": "sha512-oIjcA0vGNUJ0ZWY2B111k6pMo6fRK0pwDp/VTCVcXE/P5LwDZzNtUeLu6DFUpk5v1M0ekFq1J1Jox1m7EahFpg=="
    }
  },
  "dependencies": {
    "thorui-uni": {
      "version": "1.9.0",
      "resolved": "https://registry.npmmirror.com/thorui-uni/-/thorui-uni-1.9.0.tgz",
      "integrity": "sha512-oIjcA0vGNUJ0ZWY2B111k6pMo6fRK0pwDp/VTCVcXE/P5LwDZzNtUeLu6DFUpk5v1M0ekFq1J1Jox1m7EahFpg=="
    }
  }
}
